
Microsoft Visual Studio Solution File, Format Version 12.00
# Visual Studio 15
VisualStudioVersion = 15.0.27130.2027
MinimumVisualStudioVersion = 10.0.40219.1
Project("{FAE04EC0-301F-11D3-BF4B-00C04F79EFBC}") = "TruckTour", "TruckTour\TruckTour.csproj", "{F9719A89-D73E-4AA8-96A9-529D1218DDE4}"
EndProject
Global
	GlobalSection(SolutionConfigurationPlatforms) = preSolution
		Debug|Any CPU = Debug|Any CPU
		Release|Any CPU = Release|Any CPU
	EndGlobalSection
	GlobalSection(ProjectConfigurationPlatforms) = postSolution
		{F9719A89-D73E-4AA8-96A9-529D1218DDE4}.Debug|Any CPU.ActiveCfg = Debug|Any CPU
		{F9719A89-D73E-4AA8-96A9-529D1218DDE4}.Debug|Any CPU.Build.0 = Debug|Any CPU
		{F9719A89-D73E-4AA8-96A9-529D1218DDE4}.Release|Any CPU.ActiveCfg = Release|Any CPU
		{F9719A89-D73E-4AA8-96A9-529D1218DDE4}.Release|Any CPU.Build.0 = Release|Any CPU
	EndGlobalSection
	GlobalSection(SolutionProperties) = preSolution
		HideSolutionNode = FALSE
	EndGlobalSection
	GlobalSection(ExtensibilityGlobals) = postSolution
		SolutionGuid = {326652A7-FE11-43E7-A9B8-FA38D7E555C1}
	EndGlobalSection
EndGlobal
