
Microsoft Visual Studio Solution File, Format Version 12.00
# Visual Studio 15
VisualStudioVersion = 15.0.27130.2027
MinimumVisualStudioVersion = 10.0.40219.1
Project("{FAE04EC0-301F-11D3-BF4B-00C04F79EFBC}") = "ArraysDS", "ArraysDS\ArraysDS.csproj", "{156C2C47-C14F-44B4-9786-73F9804F4032}"
EndProject
Project("{FAE04EC0-301F-11D3-BF4B-00C04F79EFBC}") = "ArraysDS_2", "ArraysDS_2\ArraysDS_2.csproj", "{DCA0DCAD-1110-4138-BF0B-2D1556FE0AF1}"
EndProject
Global
	GlobalSection(SolutionConfigurationPlatforms) = preSolution
		Debug|Any CPU = Debug|Any CPU
		Release|Any CPU = Release|Any CPU
	EndGlobalSection
	GlobalSection(ProjectConfigurationPlatforms) = postSolution
		{156C2C47-C14F-44B4-9786-73F9804F4032}.Debug|Any CPU.ActiveCfg = Debug|Any CPU
		{156C2C47-C14F-44B4-9786-73F9804F4032}.Debug|Any CPU.Build.0 = Debug|Any CPU
		{156C2C47-C14F-44B4-9786-73F9804F4032}.Release|Any CPU.ActiveCfg = Release|Any CPU
		{156C2C47-C14F-44B4-9786-73F9804F4032}.Release|Any CPU.Build.0 = Release|Any CPU
		{DCA0DCAD-1110-4138-BF0B-2D1556FE0AF1}.Debug|Any CPU.ActiveCfg = Debug|Any CPU
		{DCA0DCAD-1110-4138-BF0B-2D1556FE0AF1}.Debug|Any CPU.Build.0 = Debug|Any CPU
		{DCA0DCAD-1110-4138-BF0B-2D1556FE0AF1}.Release|Any CPU.ActiveCfg = Release|Any CPU
		{DCA0DCAD-1110-4138-BF0B-2D1556FE0AF1}.Release|Any CPU.Build.0 = Release|Any CPU
	EndGlobalSection
	GlobalSection(SolutionProperties) = preSolution
		HideSolutionNode = FALSE
	EndGlobalSection
	GlobalSection(ExtensibilityGlobals) = postSolution
		SolutionGuid = {8FA39278-D71A-4E3F-AF6B-DDBCF159BC8B}
	EndGlobalSection
EndGlobal
